PODS:
  - OpenCVBridge (0.0.3)

DEPENDENCIES:
  - OpenCVBridge (from `https://github.com/MainasuK/OpenCVBridge.git`)

EXTERNAL SOURCES:
  OpenCVBridge:
    :git: https://github.com/MainasuK/OpenCVBridge.git

CHECKOUT OPTIONS:
  OpenCVBridge:
    :commit: cbfec9223906b8053cc8d8fd2469b6338b29041e
    :git: https://github.com/MainasuK/OpenCVBridge.git

SPEC CHECKSUMS:
  OpenCVBridge: c12b6bfb0ffa65eaf40cc4226d71137262a7f769

PODFILE CHECKSUM: 52c2dea0cda3e63fa3db7c7dc7a1b55b2bb6523d

COCOAPODS: 1.9.1
